
Microsoft Visual Studio Solution File, Format Version 12.00
# Visual Studio Version 17
VisualStudioVersion = 17.1.32414.318
MinimumVisualStudioVersion = 10.0.40219.1
Project("{FAE04EC0-301F-11D3-BF4B-00C04F79EFBC}") = "CrudAPIReact", "CrudAPIReact\CrudAPIReact.csproj", "{3EC67775-66A0-4403-9948-1E5B6EBAAF1D}"
EndProject
Global
	GlobalSection(SolutionConfigurationPlatforms) = preSolution
		Debug|Any CPU = Debug|Any CPU
		Release|Any CPU = Release|Any CPU
	EndGlobalSection
	GlobalSection(ProjectConfigurationPlatforms) = postSolution
		{3EC67775-66A0-4403-9948-1E5B6EBAAF1D}.Debug|Any CPU.ActiveCfg = Debug|Any CPU
		{3EC67775-66A0-4403-9948-1E5B6EBAAF1D}.Debug|Any CPU.Build.0 = Debug|Any CPU
		{3EC67775-66A0-4403-9948-1E5B6EBAAF1D}.Release|Any CPU.ActiveCfg = Release|Any CPU
		{3EC67775-66A0-4403-9948-1E5B6EBAAF1D}.Release|Any CPU.Build.0 = Release|Any CPU
	EndGlobalSection
	GlobalSection(SolutionProperties) = preSolution
		HideSolutionNode = FALSE
	EndGlobalSection
	GlobalSection(ExtensibilityGlobals) = postSolution
		SolutionGuid = {446F4B07-5467-4FC1-BEE2-EBB6E1AB7458}
	EndGlobalSection
EndGlobal
